{
  "name": "codex-jsonl-viewer",
  "version": "0.3.3",
  "lockfileVersion": 3,
  "requires": true,
  "packages": {
    "": {
      "name": "codex-jsonl-viewer",
      "version": "0.3.3",
      "license": "MIT",
      "bin": {
        "codex-jsonl-viewer": "bin/codex-jsonl-viewer.js"
      },
      "engines": {
        "node": ">=18"
      }
    }
  }
}
